
Microsoft Visual Studio Solution File, Format Version 12.00
# Visual Studio Version 17
VisualStudioVersion = 17.7.34031.279
MinimumVisualStudioVersion = 10.0.40219.1
Project("{FAE04EC0-301F-11D3-BF4B-00C04F79EFBC}") = "Proyecto de Progra 2 - Grupo 6", "Proyecto de Progra 2 - Grupo 6.csproj", "{973FBFF2-4D4D-4CA3-964B-F7EB675A865E}"
EndProject
Global
	GlobalSection(SolutionConfigurationPlatforms) = preSolution
		Debug|Any CPU = Debug|Any CPU
		Release|Any CPU = Release|Any CPU
	EndGlobalSection
	GlobalSection(ProjectConfigurationPlatforms) = postSolution
		{973FBFF2-4D4D-4CA3-964B-F7EB675A865E}.Debug|Any CPU.ActiveCfg = Debug|Any CPU
		{973FBFF2-4D4D-4CA3-964B-F7EB675A865E}.Debug|Any CPU.Build.0 = Debug|Any CPU
		{973FBFF2-4D4D-4CA3-964B-F7EB675A865E}.Release|Any CPU.ActiveCfg = Release|Any CPU
		{973FBFF2-4D4D-4CA3-964B-F7EB675A865E}.Release|Any CPU.Build.0 = Release|Any CPU
	EndGlobalSection
	GlobalSection(SolutionProperties) = preSolution
		HideSolutionNode = FALSE
	EndGlobalSection
	GlobalSection(ExtensibilityGlobals) = postSolution
		SolutionGuid = {0C6F8A73-3E79-4100-907C-936970E437C7}
	EndGlobalSection
EndGlobal
